
Microsoft Visual Studio Solution File, Format Version 12.00
# Visual Studio Version 16
VisualStudioVersion = 16.0.31613.86
MinimumVisualStudioVersion = 10.0.40219.1
Project("{FAE04EC0-301F-11D3-BF4B-00C04F79EFBC}") = "AzureFunctionsWithRedis", "AzureFunctionsWithRedis\AzureFunctionsWithRedis.csproj", "{5BD82DA1-FEC7-46B4-970B-3B091975B364}"
EndProject
Global
	GlobalSection(SolutionConfigurationPlatforms) = preSolution
		Debug|Any CPU = Debug|Any CPU
		Release|Any CPU = Release|Any CPU
	EndGlobalSection
	GlobalSection(ProjectConfigurationPlatforms) = postSolution
		{5BD82DA1-FEC7-46B4-970B-3B091975B364}.Debug|Any CPU.ActiveCfg = Debug|Any CPU
		{5BD82DA1-FEC7-46B4-970B-3B091975B364}.Debug|Any CPU.Build.0 = Debug|Any CPU
		{5BD82DA1-FEC7-46B4-970B-3B091975B364}.Release|Any CPU.ActiveCfg = Release|Any CPU
		{5BD82DA1-FEC7-46B4-970B-3B091975B364}.Release|Any CPU.Build.0 = Release|Any CPU
	EndGlobalSection
	GlobalSection(SolutionProperties) = preSolution
		HideSolutionNode = FALSE
	EndGlobalSection
	GlobalSection(ExtensibilityGlobals) = postSolution
		SolutionGuid = {F558D861-8F93-4F0E-8149-EADE9D2FDC73}
	EndGlobalSection
EndGlobal
